
Microsoft Visual Studio Solution File, Format Version 12.00
# Visual Studio Version 16
VisualStudioVersion = 16.0.32630.194
MinimumVisualStudioVersion = 10.0.40219.1
Project("{FAE04EC0-301F-11D3-BF4B-00C04F79EFBC}") = "DBConnectTest", "DBConnectTest\DBConnectTest.csproj", "{9F411A6E-B60B-4C3C-9687-B23B01A62726}"
EndProject
Global
	GlobalSection(SolutionConfigurationPlatforms) = preSolution
		Debug|Any CPU = Debug|Any CPU
		Release|Any CPU = Release|Any CPU
	EndGlobalSection
	GlobalSection(ProjectConfigurationPlatforms) = postSolution
		{9F411A6E-B60B-4C3C-9687-B23B01A62726}.Debug|Any CPU.ActiveCfg = Debug|Any CPU
		{9F411A6E-B60B-4C3C-9687-B23B01A62726}.Debug|Any CPU.Build.0 = Debug|Any CPU
		{9F411A6E-B60B-4C3C-9687-B23B01A62726}.Release|Any CPU.ActiveCfg = Release|Any CPU
		{9F411A6E-B60B-4C3C-9687-B23B01A62726}.Release|Any CPU.Build.0 = Release|Any CPU
	EndGlobalSection
	GlobalSection(SolutionProperties) = preSolution
		HideSolutionNode = FALSE
	EndGlobalSection
	GlobalSection(ExtensibilityGlobals) = postSolution
		SolutionGuid = {B62CDF21-D621-4BBA-82BB-3C293F26CFCB}
	EndGlobalSection
EndGlobal
